
Microsoft Visual Studio Solution File, Format Version 12.00
# Visual Studio Version 17
VisualStudioVersion = 17.7.34031.279
MinimumVisualStudioVersion = 10.0.40219.1
Project("{FAE04EC0-301F-11D3-BF4B-00C04F79EFBC}") = "API_Task", "API_Task.csproj", "{088F6484-253C-440E-A58D-3E52AFB6ABFC}"
EndProject
Global
	GlobalSection(SolutionConfigurationPlatforms) = preSolution
		Debug|Any CPU = Debug|Any CPU
		Release|Any CPU = Release|Any CPU
	EndGlobalSection
	GlobalSection(ProjectConfigurationPlatforms) = postSolution
		{088F6484-253C-440E-A58D-3E52AFB6ABFC}.Debug|Any CPU.ActiveCfg = Debug|Any CPU
		{088F6484-253C-440E-A58D-3E52AFB6ABFC}.Debug|Any CPU.Build.0 = Debug|Any CPU
		{088F6484-253C-440E-A58D-3E52AFB6ABFC}.Release|Any CPU.ActiveCfg = Release|Any CPU
		{088F6484-253C-440E-A58D-3E52AFB6ABFC}.Release|Any CPU.Build.0 = Release|Any CPU
	EndGlobalSection
	GlobalSection(SolutionProperties) = preSolution
		HideSolutionNode = FALSE
	EndGlobalSection
	GlobalSection(ExtensibilityGlobals) = postSolution
		SolutionGuid = {D1CED202-40B7-4003-A0AF-FC6A580A2397}
	EndGlobalSection
EndGlobal
